
Microsoft Visual Studio Solution File, Format Version 12.00
# Visual Studio 2012
Project("{FAE04EC0-301F-11D3-BF4B-00C04F79EFBC}") = "SourceChecker", "SourceChecker\SourceChecker.csproj", "{CD572E98-9D0E-486C-9A7C-7EDB55A9E9B2}"
EndProject
Project("{FAE04EC0-301F-11D3-BF4B-00C04F79EFBC}") = "MultiCommentsPalindromeQuine", "MultiCommentsPalindromeQuine\MultiCommentsPalindromeQuine.csproj", "{22AD4153-EBA5-4FD1-A0BE-1A6F3AA69604}"
EndProject
Project("{FAE04EC0-301F-11D3-BF4B-00C04F79EFBC}") = "SingleCommentsPalindromeQuine", "SingleCommentsPalindromeQuine\SingleCommentsPalindromeQuine.csproj", "{2B88FA6A-8D76-4F8D-930D-7BE893A115D8}"
EndProject
Project("{FAE04EC0-301F-11D3-BF4B-00C04F79EFBC}") = "SelfCompiliedProgram", "SelfCompiliedProgram\SelfCompiliedProgram.csproj", "{FF47803F-E575-4D4C-8435-27FAFDDEB15F}"
EndProject
Project("{FAE04EC0-301F-11D3-BF4B-00C04F79EFBC}") = "Tests", "Tests\Tests.csproj", "{B4DFE76B-BC46-4A3D-B05F-D0DDEECE9971}"
EndProject
Project("{FAE04EC0-301F-11D3-BF4B-00C04F79EFBC}") = "SelfPrintingGameOfLife", "SelfPrintingGameOfLife\SelfPrintingGameOfLife.csproj", "{ED534701-5CB8-4FE6-87FF-AA8B2DBFE8D5}"
EndProject
Project("{FAE04EC0-301F-11D3-BF4B-00C04F79EFBC}") = "FreakySources.Tests", "FreakySources.Tests\FreakySources.Tests.csproj", "{13621013-38EF-4EEE-8ABA-B69320A7CE83}"
EndProject
Project("{FAE04EC0-301F-11D3-BF4B-00C04F79EFBC}") = "CSharpMinifier", "CSharp-Minifier\CSharpMinifier\CSharpMinifier.csproj", "{A26C936C-846B-4165-9574-42C74075D4CD}"
EndProject
Global
	GlobalSection(SolutionConfigurationPlatforms) = preSolution
		Debug|Any CPU = Debug|Any CPU
		Release|Any CPU = Release|Any CPU
	EndGlobalSection
	GlobalSection(ProjectConfigurationPlatforms) = postSolution
		{CD572E98-9D0E-486C-9A7C-7EDB55A9E9B2}.Debug|Any CPU.ActiveCfg = Debug|Any CPU
		{CD572E98-9D0E-486C-9A7C-7EDB55A9E9B2}.Debug|Any CPU.Build.0 = Debug|Any CPU
		{CD572E98-9D0E-486C-9A7C-7EDB55A9E9B2}.Release|Any CPU.ActiveCfg = Release|Any CPU
		{CD572E98-9D0E-486C-9A7C-7EDB55A9E9B2}.Release|Any CPU.Build.0 = Release|Any CPU
		{22AD4153-EBA5-4FD1-A0BE-1A6F3AA69604}.Debug|Any CPU.ActiveCfg = Debug|Any CPU
		{22AD4153-EBA5-4FD1-A0BE-1A6F3AA69604}.Debug|Any CPU.Build.0 = Debug|Any CPU
		{22AD4153-EBA5-4FD1-A0BE-1A6F3AA69604}.Release|Any CPU.ActiveCfg = Release|Any CPU
		{22AD4153-EBA5-4FD1-A0BE-1A6F3AA69604}.Release|Any CPU.Build.0 = Release|Any CPU
		{2B88FA6A-8D76-4F8D-930D-7BE893A115D8}.Debug|Any CPU.ActiveCfg = Debug|Any CPU
		{2B88FA6A-8D76-4F8D-930D-7BE893A115D8}.Debug|Any CPU.Build.0 = Debug|Any CPU
		{2B88FA6A-8D76-4F8D-930D-7BE893A115D8}.Release|Any CPU.ActiveCfg = Release|Any CPU
		{2B88FA6A-8D76-4F8D-930D-7BE893A115D8}.Release|Any CPU.Build.0 = Release|Any CPU
		{FF47803F-E575-4D4C-8435-27FAFDDEB15F}.Debug|Any CPU.ActiveCfg = Debug|Any CPU
		{FF47803F-E575-4D4C-8435-27FAFDDEB15F}.Debug|Any CPU.Build.0 = Debug|Any CPU
		{FF47803F-E575-4D4C-8435-27FAFDDEB15F}.Release|Any CPU.ActiveCfg = Release|Any CPU
		{FF47803F-E575-4D4C-8435-27FAFDDEB15F}.Release|Any CPU.Build.0 = Release|Any CPU
		{B4DFE76B-BC46-4A3D-B05F-D0DDEECE9971}.Debug|Any CPU.ActiveCfg = Debug|Any CPU
		{B4DFE76B-BC46-4A3D-B05F-D0DDEECE9971}.Debug|Any CPU.Build.0 = Debug|Any CPU
		{B4DFE76B-BC46-4A3D-B05F-D0DDEECE9971}.Release|Any CPU.ActiveCfg = Release|Any CPU
		{B4DFE76B-BC46-4A3D-B05F-D0DDEECE9971}.Release|Any CPU.Build.0 = Release|Any CPU
		{ED534701-5CB8-4FE6-87FF-AA8B2DBFE8D5}.Debug|Any CPU.ActiveCfg = Debug|Any CPU
		{ED534701-5CB8-4FE6-87FF-AA8B2DBFE8D5}.Debug|Any CPU.Build.0 = Debug|Any CPU
		{ED534701-5CB8-4FE6-87FF-AA8B2DBFE8D5}.Release|Any CPU.ActiveCfg = Release|Any CPU
		{ED534701-5CB8-4FE6-87FF-AA8B2DBFE8D5}.Release|Any CPU.Build.0 = Release|Any CPU
		{13621013-38EF-4EEE-8ABA-B69320A7CE83}.Debug|Any CPU.ActiveCfg = Debug|Any CPU
		{13621013-38EF-4EEE-8ABA-B69320A7CE83}.Debug|Any CPU.Build.0 = Debug|Any CPU
		{13621013-38EF-4EEE-8ABA-B69320A7CE83}.Release|Any CPU.ActiveCfg = Release|Any CPU
		{13621013-38EF-4EEE-8ABA-B69320A7CE83}.Release|Any CPU.Build.0 = Release|Any CPU
		{A26C936C-846B-4165-9574-42C74075D4CD}.Debug|Any CPU.ActiveCfg = Debug|Any CPU
		{A26C936C-846B-4165-9574-42C74075D4CD}.Debug|Any CPU.Build.0 = Debug|Any CPU
		{A26C936C-846B-4165-9574-42C74075D4CD}.Release|Any CPU.ActiveCfg = Release|Any CPU
		{A26C936C-846B-4165-9574-42C74075D4CD}.Release|Any CPU.Build.0 = Release|Any CPU
	EndGlobalSection
	GlobalSection(SolutionProperties) = preSolution
		HideSolutionNode = FALSE
	EndGlobalSection
EndGlobal
