
Microsoft Visual Studio Solution File, Format Version 12.00
# Visual Studio 2013
#VisualStudioVersion = 12.0.30723.0
#MinimumVisualStudioVersion = 10.0.40219.1
Project("{FAE04EC0-301F-11D3-BF4B-00C04F79EFBC}") = "FreakySources.Tests", "FreakySources.Tests\FreakySources.Tests.csproj", "{13621013-38EF-4EEE-8ABA-B69320A7CE83}"
EndProject
Project("{FAE04EC0-301F-11D3-BF4B-00C04F79EFBC}") = "CSharpMinifier", "CSharp-Minifier\CSharpMinifier\CSharpMinifier.csproj", "{A26C936C-846B-4165-9574-42C74075D4CD}"
EndProject
Project("{FAE04EC0-301F-11D3-BF4B-00C04F79EFBC}") = "FreakySources.GUI", "FreakySources.GUI\FreakySources.GUI.csproj", "{D43FAD32-6410-4394-A80D-343F7E185C30}"
EndProject
Project("{FAE04EC0-301F-11D3-BF4B-00C04F79EFBC}") = "FreakySources", "FreakySources\FreakySources.csproj", "{CD572E98-9D0E-486C-9A7C-7EDB55A9E9B2}"
EndProject
Project("{2150E333-8FDC-42A3-9474-1A3956D46DE8}") = "Patterns and Data", "Patterns and Data", "{9CBE6152-3A3C-4B49-9D4C-101B11EBF466}"
	ProjectSection(SolutionItems) = preProject
		Patterns and Data\Asciimation.txt = Patterns and Data\Asciimation.txt
		Patterns and Data\Asciimation_1_0.cs = Patterns and Data\Asciimation_1_0.cs
		Patterns and Data\Asciimation_1_1.cs = Patterns and Data\Asciimation_1_1.cs
		Patterns and Data\Asciimation_1_2.cs = Patterns and Data\Asciimation_1_2.cs
		Patterns and Data\Asciimation_1_3.cs = Patterns and Data\Asciimation_1_3.cs
		Patterns and Data\CustomQuine.cs = Patterns and Data\CustomQuine.cs
		Patterns and Data\MultiCommentsPalindromeQuine.cs = Patterns and Data\MultiCommentsPalindromeQuine.cs
		Patterns and Data\Quine.cs = Patterns and Data\Quine.cs
		Patterns and Data\QuineClock.cs = Patterns and Data\QuineClock.cs
		Patterns and Data\QuineClock2.cs = Patterns and Data\QuineClock2.cs
		Patterns and Data\QuineClock3.cs = Patterns and Data\QuineClock3.cs
		Patterns and Data\QuineClockDigits.txt = Patterns and Data\QuineClockDigits.txt
		Patterns and Data\SelfCompiliedProgram.cs = Patterns and Data\SelfCompiliedProgram.cs
		Patterns and Data\SelfPrintingGameOfLife.cs = Patterns and Data\SelfPrintingGameOfLife.cs
		Patterns and Data\SingleCommentsPalindromeQuine.cs = Patterns and Data\SingleCommentsPalindromeQuine.cs
	EndProjectSection
EndProject
Project("{FAE04EC0-301F-11D3-BF4B-00C04F79EFBC}") = "AsciimationStatistics", "AsciimationStatistics\AsciimationStatistics.csproj", "{70B54927-6583-491D-816B-9D0B648E9421}"
EndProject
Project("{FAE04EC0-301F-11D3-BF4B-00C04F79EFBC}") = "FreakySources.Code", "FreakySources.Code\FreakySources.Code.csproj", "{DDF6B28A-89BE-4E34-81FC-C8BBE488C1F4}"
EndProject
Global
	GlobalSection(SolutionConfigurationPlatforms) = preSolution
		Debug|Any CPU = Debug|Any CPU
		Release|Any CPU = Release|Any CPU
	EndGlobalSection
	GlobalSection(ProjectConfigurationPlatforms) = postSolution
		{13621013-38EF-4EEE-8ABA-B69320A7CE83}.Debug|Any CPU.ActiveCfg = Debug|Any CPU
		{13621013-38EF-4EEE-8ABA-B69320A7CE83}.Debug|Any CPU.Build.0 = Debug|Any CPU
		{13621013-38EF-4EEE-8ABA-B69320A7CE83}.Release|Any CPU.ActiveCfg = Release|Any CPU
		{13621013-38EF-4EEE-8ABA-B69320A7CE83}.Release|Any CPU.Build.0 = Release|Any CPU
		{A26C936C-846B-4165-9574-42C74075D4CD}.Debug|Any CPU.ActiveCfg = Debug|Any CPU
		{A26C936C-846B-4165-9574-42C74075D4CD}.Debug|Any CPU.Build.0 = Debug|Any CPU
		{A26C936C-846B-4165-9574-42C74075D4CD}.Release|Any CPU.ActiveCfg = Release|Any CPU
		{A26C936C-846B-4165-9574-42C74075D4CD}.Release|Any CPU.Build.0 = Release|Any CPU
		{D43FAD32-6410-4394-A80D-343F7E185C30}.Debug|Any CPU.ActiveCfg = Debug|Any CPU
		{D43FAD32-6410-4394-A80D-343F7E185C30}.Debug|Any CPU.Build.0 = Debug|Any CPU
		{D43FAD32-6410-4394-A80D-343F7E185C30}.Release|Any CPU.ActiveCfg = Release|Any CPU
		{D43FAD32-6410-4394-A80D-343F7E185C30}.Release|Any CPU.Build.0 = Release|Any CPU
		{CD572E98-9D0E-486C-9A7C-7EDB55A9E9B2}.Debug|Any CPU.ActiveCfg = Debug|Any CPU
		{CD572E98-9D0E-486C-9A7C-7EDB55A9E9B2}.Debug|Any CPU.Build.0 = Debug|Any CPU
		{CD572E98-9D0E-486C-9A7C-7EDB55A9E9B2}.Release|Any CPU.ActiveCfg = Release|Any CPU
		{CD572E98-9D0E-486C-9A7C-7EDB55A9E9B2}.Release|Any CPU.Build.0 = Release|Any CPU
		{70B54927-6583-491D-816B-9D0B648E9421}.Debug|Any CPU.ActiveCfg = Debug|Any CPU
		{70B54927-6583-491D-816B-9D0B648E9421}.Debug|Any CPU.Build.0 = Debug|Any CPU
		{70B54927-6583-491D-816B-9D0B648E9421}.Release|Any CPU.ActiveCfg = Release|Any CPU
		{70B54927-6583-491D-816B-9D0B648E9421}.Release|Any CPU.Build.0 = Release|Any CPU
		{DDF6B28A-89BE-4E34-81FC-C8BBE488C1F4}.Debug|Any CPU.ActiveCfg = Debug|Any CPU
		{DDF6B28A-89BE-4E34-81FC-C8BBE488C1F4}.Debug|Any CPU.Build.0 = Debug|Any CPU
		{DDF6B28A-89BE-4E34-81FC-C8BBE488C1F4}.Release|Any CPU.ActiveCfg = Release|Any CPU
		{DDF6B28A-89BE-4E34-81FC-C8BBE488C1F4}.Release|Any CPU.Build.0 = Release|Any CPU
	EndGlobalSection
	GlobalSection(SolutionProperties) = preSolution
		HideSolutionNode = FALSE
	EndGlobalSection
EndGlobal
